// !$*UTF8*$!
{
	archiveVersion = 1;
	classes = {
	};
	objectVersion = 56;
	objects = {

/* Begin PBXBuildFile section */
		9F6960F72C03B64900605975 /* homelyApp.swift in Sources */ = {isa = PBXBuildFile; fileRef = 9F6960F62C03B64900605975 /* homelyApp.swift */; };
		9F6960F92C03B64900605975 /* ContentView.swift in Sources */ = {isa = PBXBuildFile; fileRef = 9F6960F82C03B64900605975 /* ContentView.swift */; };
		9F6960FB2C03B64A00605975 /* Assets.xcassets in Resources */ = {isa = PBXBuildFile; fileRef = 9F6960FA2C03B64A00605975 /* Assets.xcassets */; };
		9F6960FE2C03B64A00605975 /* Preview Assets.xcassets in Resources */ = {isa = PBXBuildFile; fileRef = 9F6960FD2C03B64A00605975 /* Preview Assets.xcassets */; };
		9F6961082C03B64A00605975 /* homelyTests.swift in Sources */ = {isa = PBXBuildFile; fileRef = 9F6961072C03B64A00605975 /* homelyTests.swift */; };
		9F6961122C03B64A00605975 /* homelyUITests.swift in Sources */ = {isa = PBXBuildFile; fileRef = 9F6961112C03B64A00605975 /* homelyUITests.swift */; };
		9F6961142C03B64A00605975 /* homelyUITestsLaunchTests.swift in Sources */ = {isa = PBXBuildFile; fileRef = 9F6961132C03B64A00605975 /* homelyUITestsLaunchTests.swift */; };
/* End PBXBuildFile section */

/* Begin PBXContainerItemProxy section */
		9F6961042C03B64A00605975 /* PBXContainerItemProxy */ = {
			isa = PBXContainerItemProxy;
			containerPortal = 9F6960EB2C03B64900605975 /* Project object */;
			proxyType = 1;
			remoteGlobalIDString = 9F6960F22C03B64900605975;
			remoteInfo = homely;
		};
		9F69610E2C03B64A00605975 /* PBXContainerItemProxy */ = {
			isa = PBXContainerItemProxy;
			containerPortal = 9F6960EB2C03B64900605975 /* Project object */;
			proxyType = 1;
			remoteGlobalIDString = 9F6960F22C03B64900605975;
			remoteInfo = homely;
		};
/* End PBXContainerItemProxy section */

/* Begin PBXFileReference section */
		9F6960F32C03B64900605975 /* homely.app */ = {isa = PBXFileReference; explicitFileType = wrapper.application; includeInIndex = 0; path = homely.app; sourceTree = BUILT_PRODUCTS_DIR; };
		9F6960F62C03B64900605975 /* homelyApp.swift */ = {isa = PBXFileReference; lastKnownFileType = sourcecode.swift; path = homelyApp.swift; sourceTree = "<group>"; };
		9F6960F82C03B64900605975 /* ContentView.swift */ = {isa = PBXFileReference; lastKnownFileType = sourcecode.swift; path = ContentView.swift; sourceTree = "<group>"; };
		9F6960FA2C03B64A00605975 /* Assets.xcassets */ = {isa = PBXFileReference; lastKnownFileType = folder.assetcatalog; path = Assets.xcassets; sourceTree = "<group>"; };
		9F6960FD2C03B64A00605975 /* Preview Assets.xcassets */ = {isa = PBXFileReference; lastKnownFileType = folder.assetcatalog; path = "Preview Assets.xcassets"; sourceTree = "<group>"; };
		9F6961032C03B64A00605975 /* homelyTests.xctest */ = {isa = PBXFileReference; explicitFileType = wrapper.cfbundle; includeInIndex = 0; path = homelyTests.xctest; sourceTree = BUILT_PRODUCTS_DIR; };
		9F6961072C03B64A00605975 /* homelyTests.swift */ = {isa = PBXFileReference; lastKnownFileType = sourcecode.swift; path = homelyTests.swift; sourceTree = "<group>"; };
		9F69610D2C03B64A00605975 /* homelyUITests.xctest */ = {isa = PBXFileReference; explicitFileType = wrapper.cfbundle; includeInIndex = 0; path = homelyUITests.xctest; sourceTree = BUILT_PRODUCTS_DIR; };
		9F6961112C03B64A00605975 /* homelyUITests.swift */ = {isa = PBXFileReference; lastKnownFileType = sourcecode.swift; path = homelyUITests.swift; sourceTree = "<group>"; };
		9F6961132C03B64A00605975 /* homelyUITestsLaunchTests.swift */ = {isa = PBXFileReference; lastKnownFileType = sourcecode.swift; path = homelyUITestsLaunchTests.swift; sourceTree = "<group>"; };
/* End PBXFileReference section */

/* Begin PBXFrameworksBuildPhase section */
		9F6960F02C03B64900605975 /* Frameworks */ = {
			isa = PBXFrameworksBuildPhase;
			buildActionMask = 2147483647;
			files = (
			);
			runOnlyForDeploymentPostprocessing = 0;
		};
		9F6961002C03B64A00605975 /* Frameworks */ = {
			isa = PBXFrameworksBuildPhase;
			buildActionMask = 2147483647;
			files = (
			);
			runOnlyForDeploymentPostprocessing = 0;
		};
		9F69610A2C03B64A00605975 /* Frameworks */ = {
			isa = PBXFrameworksBuildPhase;
			buildActionMask = 2147483647;
			files = (
			);
			runOnlyForDeploymentPostprocessing = 0;
		};
/* End PBXFrameworksBuildPhase section */

/* Begin PBXGroup section */
		9F6960EA2C03B64900605975 = {
			isa = PBXGroup;
			children = (
				9F6960F52C03B64900605975 /* homely */,
				9F6961062C03B64A00605975 /* homelyTests */,
				9F6961102C03B64A00605975 /* homelyUITests */,
				9F6960F42C03B64900605975 /* Products */,
			);
			sourceTree = "<group>";
		};
		9F6960F42C03B64900605975 /* Products */ = {
			isa = PBXGroup;
			children = (
				9F6960F32C03B64900605975 /* homely.app */,
				9F6961032C03B64A00605975 /* homelyTests.xctest */,
				9F69610D2C03B64A00605975 /* homelyUITests.xctest */,
			);
			name = Products;
			sourceTree = "<group>";
		};
		9F6960F52C03B64900605975 /* homely */ = {
			isa = PBXGroup;
			children = (
				9F6960F62C03B64900605975 /* homelyApp.swift */,
				9F6960F82C03B64900605975 /* ContentView.swift */,
				9F6960FA2C03B64A00605975 /* Assets.xcassets */,
				9F6960FC2C03B64A00605975 /* Preview Content */,
			);
			path = homely;
			sourceTree = "<group>";
		};
		9F6960FC2C03B64A00605975 /* Preview Content */ = {
			isa = PBXGroup;
			children = (
				9F6960FD2C03B64A00605975 /* Preview Assets.xcassets */,
			);
			path = "Preview Content";
			sourceTree = "<group>";
		};
		9F6961062C03B64A00605975 /* homelyTests */ = {
			isa = PBXGroup;
			children = (
				9F6961072C03B64A00605975 /* homelyTests.swift */,
			);
			path = homelyTests;
			sourceTree = "<group>";
		};
		9F6961102C03B64A00605975 /* homelyUITests */ = {
			isa = PBXGroup;
			children = (
				9F6961112C03B64A00605975 /* homelyUITests.swift */,
				9F6961132C03B64A00605975 /* homelyUITestsLaunchTests.swift */,
			);
			path = homelyUITests;
			sourceTree = "<group>";
		};
/* End PBXGroup section */

/* Begin PBXNativeTarget section */
		9F6960F22C03B64900605975 /* homely */ = {
			isa = PBXNativeTarget;
			buildConfigurationList = 9F6961172C03B64A00605975 /* Build configuration list for PBXNativeTarget "homely" */;
			buildPhases = (
				9F6960EF2C03B64900605975 /* Sources */,
				9F6960F02C03B64900605975 /* Frameworks */,
				9F6960F12C03B64900605975 /* Resources */,
			);
			buildRules = (
			);
			dependencies = (
			);
			name = homely;
			productName = homely;
			productReference = 9F6960F32C03B64900605975 /* homely.app */;
			productType = "com.apple.product-type.application";
		};
		9F6961022C03B64A00605975 /* homelyTests */ = {
			isa = PBXNativeTarget;
			buildConfigurationList = 9F69611A2C03B64A00605975 /* Build configuration list for PBXNativeTarget "homelyTests" */;
			buildPhases = (
				9F6960FF2C03B64A00605975 /* Sources */,
				9F6961002C03B64A00605975 /* Frameworks */,
				9F6961012C03B64A00605975 /* Resources */,
			);
			buildRules = (
			);
			dependencies = (
				9F6961052C03B64A00605975 /* PBXTargetDependency */,
			);
			name = homelyTests;
			productName = homelyTests;
			productReference = 9F6961032C03B64A00605975 /* homelyTests.xctest */;
			productType = "com.apple.product-type.bundle.unit-test";
		};
		9F69610C2C03B64A00605975 /* homelyUITests */ = {
			isa = PBXNativeTarget;
			buildConfigurationList = 9F69611D2C03B64A00605975 /* Build configuration list for PBXNativeTarget "homelyUITests" */;
			buildPhases = (
				9F6961092C03B64A00605975 /* Sources */,
				9F69610A2C03B64A00605975 /* Frameworks */,
				9F69610B2C03B64A00605975 /* Resources */,
			);
			buildRules = (
			);
			dependencies = (
				9F69610F2C03B64A00605975 /* PBXTargetDependency */,
			);
			name = homelyUITests;
			productName = homelyUITests;
			productReference = 9F69610D2C03B64A00605975 /* homelyUITests.xctest */;
			productType = "com.apple.product-type.bundle.ui-testing";
		};
/* End PBXNativeTarget section */

/* Begin PBXProject section */
		9F6960EB2C03B64900605975 /* Project object */ = {
			isa = PBXProject;
			attributes = {
				BuildIndependentTargetsInParallel = 1;
				LastSwiftUpdateCheck = 1540;
				LastUpgradeCheck = 1540;
				TargetAttributes = {
					9F6960F22C03B64900605975 = {
						CreatedOnToolsVersion = 15.4;
					};
					9F6961022C03B64A00605975 = {
						CreatedOnToolsVersion = 15.4;
						TestTargetID = 9F6960F22C03B64900605975;
					};
					9F69610C2C03B64A00605975 = {
						CreatedOnToolsVersion = 15.4;
						TestTargetID = 9F6960F22C03B64900605975;
					};
				};
			};
			buildConfigurationList = 9F6960EE2C03B64900605975 /* Build configuration list for PBXProject "homely" */;
			compatibilityVersion = "Xcode 14.0";
			developmentRegion = en;
			hasScannedForEncodings = 0;
			knownRegions = (
				en,
				Base,
			);
			mainGroup = 9F6960EA2C03B64900605975;
			productRefGroup = 9F6960F42C03B64900605975 /* Products */;
			projectDirPath = "";
			projectRoot = "";
			targets = (
				9F6960F22C03B64900605975 /* homely */,
				9F6961022C03B64A00605975 /* homelyTests */,
				9F69610C2C03B64A00605975 /* homelyUITests */,
			);
		};
/* End PBXProject section */

/* Begin PBXResourcesBuildPhase section */
		9F6960F12C03B64900605975 /* Resources */ = {
			isa = PBXResourcesBuildPhase;
			buildActionMask = 2147483647;
			files = (
				9F6960FE2C03B64A00605975 /* Preview Assets.xcassets in Resources */,
				9F6960FB2C03B64A00605975 /* Assets.xcassets in Resources */,
			);
			runOnlyForDeploymentPostprocessing = 0;
		};
		9F6961012C03B64A00605975 /* Resources */ = {
			isa = PBXResourcesBuildPhase;
			buildActionMask = 2147483647;
			files = (
			);
			runOnlyForDeploymentPostprocessing = 0;
		};
		9F69610B2C03B64A00605975 /* Resources */ = {
			isa = PBXResourcesBuildPhase;
			buildActionMask = 2147483647;
			files = (
			);
			runOnlyForDeploymentPostprocessing = 0;
		};
/* End PBXResourcesBuildPhase section */

/* Begin PBXSourcesBuildPhase section */
		9F6960EF2C03B64900605975 /* Sources */ = {
			isa = PBXSourcesBuildPhase;
			buildActionMask = 2147483647;
			files = (
				9F6960F92C03B64900605975 /* ContentView.swift in Sources */,
				9F6960F72C03B64900605975 /* homelyApp.swift in Sources */,
			);
			runOnlyForDeploymentPostprocessing = 0;
		};
		9F6960FF2C03B64A00605975 /* Sources */ = {
			isa = PBXSourcesBuildPhase;
			buildActionMask = 2147483647;
			files = (
				9F6961082C03B64A00605975 /* homelyTests.swift in Sources */,
			);
			runOnlyForDeploymentPostprocessing = 0;
		};
		9F6961092C03B64A00605975 /* Sources */ = {
			isa = PBXSourcesBuildPhase;
			buildActionMask = 2147483647;
			files = (
				9F6961142C03B64A00605975 /* homelyUITestsLaunchTests.swift in Sources */,
				9F6961122C03B64A00605975 /* homelyUITests.swift in Sources */,
			);
			runOnlyForDeploymentPostprocessing = 0;
		};
/* End PBXSourcesBuildPhase section */

/* Begin PBXTargetDependency section */
		9F6961052C03B64A00605975 /* PBXTargetDependency */ = {
			isa = PBXTargetDependency;
			target = 9F6960F22C03B64900605975 /* homely */;
			targetProxy = 9F6961042C03B64A00605975 /* PBXContainerItemProxy */;
		};
		9F69610F2C03B64A00605975 /* PBXTargetDependency */ = {
			isa = PBXTargetDependency;
			target = 9F6960F22C03B64900605975 /* homely */;
			targetProxy = 9F69610E2C03B64A00605975 /* PBXContainerItemProxy */;
		};
/* End PBXTargetDependency section */

/* Begin XCBuildConfiguration section */
		9F6961152C03B64A00605975 /* Debug */ = {
			isa = XCBuildConfiguration;
			buildSettings = {
				ALWAYS_SEARCH_USER_PATHS = NO;
				ASSETCATALOG_COMPILER_GENERATE_SWIFT_ASSET_SYMBOL_EXTENSIONS = YES;
				CLANG_ANALYZER_NONNULL = YES;
				CLANG_ANALYZER_NUMBER_OBJECT_CONVERSION = YES_AGGRESSIVE;
				CLANG_CXX_LANGUAGE_STANDARD = "gnu++20";
				CLANG_ENABLE_MODULES = YES;
				CLANG_ENABLE_OBJC_ARC = YES;
				CLANG_ENABLE_OBJC_WEAK = YES;
				CLANG_WARN_BLOCK_CAPTURE_AUTORELEASING = YES;
				CLANG_WARN_BOOL_CONVERSION = YES;
				CLANG_WARN_COMMA = YES;
				CLANG_WARN_CONSTANT_CONVERSION = YES;
				CLANG_WARN_DEPRECATED_OBJC_IMPLEMENTATIONS = YES;
				CLANG_WARN_DIRECT_OBJC_ISA_USAGE = YES_ERROR;
				CLANG_WARN_DOCUMENTATION_COMMENTS = YES;
				CLANG_WARN_EMPTY_BODY = YES;
				CLANG_WARN_ENUM_CONVERSION = YES;
				CLANG_WARN_INFINITE_RECURSION = YES;
				CLANG_WARN_INT_CONVERSION = YES;
				CLANG_WARN_NON_LITERAL_NULL_CONVERSION = YES;
				CLANG_WARN_OBJC_IMPLICIT_RETAIN_SELF = YES;
				CLANG_WARN_OBJC_LITERAL_CONVERSION = YES;
				CLANG_WARN_OBJC_ROOT_CLASS = YES_ERROR;
				CLANG_WARN_QUOTED_INCLUDE_IN_FRAMEWORK_HEADER = YES;
				CLANG_WARN_RANGE_LOOP_ANALYSIS = YES;
				CLANG_WARN_STRICT_PROTOTYPES = YES;
				CLANG_WARN_SUSPICIOUS_MOVE = YES;
				CLANG_WARN_UNGUARDED_AVAILABILITY = YES_AGGRESSIVE;
				CLANG_WARN_UNREACHABLE_CODE = YES;
				CLANG_WARN__DUPLICATE_METHOD_MATCH = YES;
				COPY_PHASE_STRIP = NO;
				DEBUG_INFORMATION_FORMAT = dwarf;
				ENABLE_STRICT_OBJC_MSGSEND = YES;
				ENABLE_TESTABILITY = YES;
				ENABLE_USER_SCRIPT_SANDBOXING = YES;
				GCC_C_LANGUAGE_STANDARD = gnu17;
				GCC_DYNAMIC_NO_PIC = NO;
				GCC_NO_COMMON_BLOCKS = YES;
				GCC_OPTIMIZATION_LEVEL = 0;
				GCC_PREPROCESSOR_DEFINITIONS = (
					"DEBUG=1",
					"$(inherited)",
				);
				GCC_WARN_64_TO_32_BIT_CONVERSION = YES;
				GCC_WARN_ABOUT_RETURN_TYPE = YES_ERROR;
				GCC_WARN_UNDECLARED_SELECTOR = YES;
				GCC_WARN_UNINITIALIZED_AUTOS = YES_AGGRESSIVE;
				GCC_WARN_UNUSED_FUNCTION = YES;
				GCC_WARN_UNUSED_VARIABLE = YES;
				IPHONEOS_DEPLOYMENT_TARGET = 17.5;
				LOCALIZATION_PREFERS_STRING_CATALOGS = YES;
				MTL_ENABLE_DEBUG_INFO = INCLUDE_SOURCE;
				MTL_FAST_MATH = YES;
				ONLY_ACTIVE_ARCH = YES;
				SDKROOT = iphoneos;
				SWIFT_ACTIVE_COMPILATION_CONDITIONS = "DEBUG $(inherited)";
				SWIFT_OPTIMIZATION_LEVEL = "-Onone";
			};
			name = Debug;
		};
		9F6961162C03B64A00605975 /* Release */ = {
			isa = XCBuildConfiguration;
			buildSettings = {
				ALWAYS_SEARCH_USER_PATHS = NO;
				ASSETCATALOG_COMPILER_GENERATE_SWIFT_ASSET_SYMBOL_EXTENSIONS = YES;
				CLANG_ANALYZER_NONNULL = YES;
				CLANG_ANALYZER_NUMBER_OBJECT_CONVERSION = YES_AGGRESSIVE;
				CLANG_CXX_LANGUAGE_STANDARD = "gnu++20";
				CLANG_ENABLE_MODULES = YES;
				CLANG_ENABLE_OBJC_ARC = YES;
				CLANG_ENABLE_OBJC_WEAK = YES;
				CLANG_WARN_BLOCK_CAPTURE_AUTORELEASING = YES;
				CLANG_WARN_BOOL_CONVERSION = YES;
				CLANG_WARN_COMMA = YES;
				CLANG_WARN_CONSTANT_CONVERSION = YES;
				CLANG_WARN_DEPRECATED_OBJC_IMPLEMENTATIONS = YES;
				CLANG_WARN_DIRECT_OBJC_ISA_USAGE = YES_ERROR;
				CLANG_WARN_DOCUMENTATION_COMMENTS = YES;
				CLANG_WARN_EMPTY_BODY = YES;
				CLANG_WARN_ENUM_CONVERSION = YES;
				CLANG_WARN_INFINITE_RECURSION = YES;
				CLANG_WARN_INT_CONVERSION = YES;
				CLANG_WARN_NON_LITERAL_NULL_CONVERSION = YES;
				CLANG_WARN_OBJC_IMPLICIT_RETAIN_SELF = YES;
				CLANG_WARN_OBJC_LITERAL_CONVERSION = YES;
				CLANG_WARN_OBJC_ROOT_CLASS = YES_ERROR;
				CLANG_WARN_QUOTED_INCLUDE_IN_FRAMEWORK_HEADER = YES;
				CLANG_WARN_RANGE_LOOP_ANALYSIS = YES;
				CLANG_WARN_STRICT_PROTOTYPES = YES;
				CLANG_WARN_SUSPICIOUS_MOVE = YES;
				CLANG_WARN_UNGUARDED_AVAILABILITY = YES_AGGRESSIVE;
				CLANG_WARN_UNREACHABLE_CODE = YES;
				CLANG_WARN__DUPLICATE_METHOD_MATCH = YES;
				COPY_PHASE_STRIP = NO;
				DEBUG_INFORMATION_FORMAT = "dwarf-with-dsym";
				ENABLE_NS_ASSERTIONS = NO;
				ENABLE_STRICT_OBJC_MSGSEND = YES;
				ENABLE_USER_SCRIPT_SANDBOXING = YES;
				GCC_C_LANGUAGE_STANDARD = gnu17;
				GCC_NO_COMMON_BLOCKS = YES;
				GCC_WARN_64_TO_32_BIT_CONVERSION = YES;
				GCC_WARN_ABOUT_RETURN_TYPE = YES_ERROR;
				GCC_WARN_UNDECLARED_SELECTOR = YES;
				GCC_WARN_UNINITIALIZED_AUTOS = YES_AGGRESSIVE;
				GCC_WARN_UNUSED_FUNCTION = YES;
				GCC_WARN_UNUSED_VARIABLE = YES;
				IPHONEOS_DEPLOYMENT_TARGET = 17.5;
				LOCALIZATION_PREFERS_STRING_CATALOGS = YES;
				MTL_ENABLE_DEBUG_INFO = NO;
				MTL_FAST_MATH = YES;
				SDKROOT = iphoneos;
				SWIFT_COMPILATION_MODE = wholemodule;
				VALIDATE_PRODUCT = YES;
			};
			name = Release;
		};
		9F6961182C03B64A00605975 /* Debug */ = {
			isa = XCBuildConfiguration;
			buildSettings = {
				ASSETCATALOG_COMPILER_APPICON_NAME = AppIcon;
				ASSETCATALOG_COMPILER_GLOBAL_ACCENT_COLOR_NAME = AccentColor;
				CODE_SIGN_STYLE = Automatic;
				CURRENT_PROJECT_VERSION = 1;
				DEVELOPMENT_ASSET_PATHS = "\"homely/Preview Content\"";
				DEVELOPMENT_TEAM = 3N2ZMMKPFS;
				ENABLE_PREVIEWS = YES;
				GENERATE_INFOPLIST_FILE = YES;
				INFOPLIST_KEY_UIApplicationSceneManifest_Generation = YES;
				INFOPLIST_KEY_UIApplicationSupportsIndirectInputEvents = YES;
				INFOPLIST_KEY_UILaunchScreen_Generation = YES;
				INFOPLIST_KEY_UISupportedInterfaceOrientations_iPad = "UIInterfaceOrientationPortrait UIInterfaceOrientationPortraitUpsideDown UIInterfaceOrientationLandscapeLeft UIInterfaceOrientationLandscapeRight";
				INFOPLIST_KEY_UISupportedInterfaceOrientations_iPhone = "UIInterfaceOrientationPortrait UIInterfaceOrientationLandscapeLeft UIInterfaceOrientationLandscapeRight";
				LD_RUNPATH_SEARCH_PATHS = (
					"$(inherited)",
					"@executable_path/Frameworks",
				);
				MARKETING_VERSION = 1.0;
				PRODUCT_BUNDLE_IDENTIFIER = com.belfortdev.homely;
				PRODUCT_NAME = "$(TARGET_NAME)";
				SWIFT_EMIT_LOC_STRINGS = YES;
				SWIFT_VERSION = 5.0;
				TARGETED_DEVICE_FAMILY = "1,2";
			};
			name = Debug;
		};
		9F6961192C03B64A00605975 /* Release */ = {
			isa = XCBuildConfiguration;
			buildSettings = {
				ASSETCATALOG_COMPILER_APPICON_NAME = AppIcon;
				ASSETCATALOG_COMPILER_GLOBAL_ACCENT_COLOR_NAME = AccentColor;
				CODE_SIGN_STYLE = Automatic;
				CURRENT_PROJECT_VERSION = 1;
				DEVELOPMENT_ASSET_PATHS = "\"homely/Preview Content\"";
				DEVELOPMENT_TEAM = 3N2ZMMKPFS;
				ENABLE_PREVIEWS = YES;
				GENERATE_INFOPLIST_FILE = YES;
				INFOPLIST_KEY_UIApplicationSceneManifest_Generation = YES;
				INFOPLIST_KEY_UIApplicationSupportsIndirectInputEvents = YES;
				INFOPLIST_KEY_UILaunchScreen_Generation = YES;
				INFOPLIST_KEY_UISupportedInterfaceOrientations_iPad = "UIInterfaceOrientationPortrait UIInterfaceOrientationPortraitUpsideDown UIInterfaceOrientationLandscapeLeft UIInterfaceOrientationLandscapeRight";
				INFOPLIST_KEY_UISupportedInterfaceOrientations_iPhone = "UIInterfaceOrientationPortrait UIInterfaceOrientationLandscapeLeft UIInterfaceOrientationLandscapeRight";
				LD_RUNPATH_SEARCH_PATHS = (
					"$(inherited)",
					"@executable_path/Frameworks",
				);
				MARKETING_VERSION = 1.0;
				PRODUCT_BUNDLE_IDENTIFIER = com.belfortdev.homely;
				PRODUCT_NAME = "$(TARGET_NAME)";
				SWIFT_EMIT_LOC_STRINGS = YES;
				SWIFT_VERSION = 5.0;
				TARGETED_DEVICE_FAMILY = "1,2";
			};
			name = Release;
		};
		9F69611B2C03B64A00605975 /* Debug */ = {
			isa = XCBuildConfiguration;
			buildSettings = {
				ALWAYS_EMBED_SWIFT_STANDARD_LIBRARIES = YES;
				BUNDLE_LOADER = "$(TEST_HOST)";
				CODE_SIGN_STYLE = Automatic;
				CURRENT_PROJECT_VERSION = 1;
				DEVELOPMENT_TEAM = 3N2ZMMKPFS;
				GENERATE_INFOPLIST_FILE = YES;
				IPHONEOS_DEPLOYMENT_TARGET = 17.5;
				MARKETING_VERSION = 1.0;
				PRODUCT_BUNDLE_IDENTIFIER = com.belfortdev.homelyTests;
				PRODUCT_NAME = "$(TARGET_NAME)";
				SWIFT_EMIT_LOC_STRINGS = NO;
				SWIFT_VERSION = 5.0;
				TARGETED_DEVICE_FAMILY = "1,2";
				TEST_HOST = "$(BUILT_PRODUCTS_DIR)/homely.app/$(BUNDLE_EXECUTABLE_FOLDER_PATH)/homely";
			};
			name = Debug;
		};
		9F69611C2C03B64A00605975 /* Release */ = {
			isa = XCBuildConfiguration;
			buildSettings = {
				ALWAYS_EMBED_SWIFT_STANDARD_LIBRARIES = YES;
				BUNDLE_LOADER = "$(TEST_HOST)";
				CODE_SIGN_STYLE = Automatic;
				CURRENT_PROJECT_VERSION = 1;
				DEVELOPMENT_TEAM = 3N2ZMMKPFS;
				GENERATE_INFOPLIST_FILE = YES;
				IPHONEOS_DEPLOYMENT_TARGET = 17.5;
				MARKETING_VERSION = 1.0;
				PRODUCT_BUNDLE_IDENTIFIER = com.belfortdev.homelyTests;
				PRODUCT_NAME = "$(TARGET_NAME)";
				SWIFT_EMIT_LOC_STRINGS = NO;
				SWIFT_VERSION = 5.0;
				TARGETED_DEVICE_FAMILY = "1,2";
				TEST_HOST = "$(BUILT_PRODUCTS_DIR)/homely.app/$(BUNDLE_EXECUTABLE_FOLDER_PATH)/homely";
			};
			name = Release;
		};
		9F69611E2C03B64A00605975 /* Debug */ = {
			isa = XCBuildConfiguration;
			buildSettings = {
				ALWAYS_EMBED_SWIFT_STANDARD_LIBRARIES = YES;
				CODE_SIGN_STYLE = Automatic;
				CURRENT_PROJECT_VERSION = 1;
				DEVELOPMENT_TEAM = 3N2ZMMKPFS;
				GENERATE_INFOPLIST_FILE = YES;
				MARKETING_VERSION = 1.0;
				PRODUCT_BUNDLE_IDENTIFIER = com.belfortdev.homelyUITests;
				PRODUCT_NAME = "$(TARGET_NAME)";
				SWIFT_EMIT_LOC_STRINGS = NO;
				SWIFT_VERSION = 5.0;
				TARGETED_DEVICE_FAMILY = "1,2";
				TEST_TARGET_NAME = homely;
			};
			name = Debug;
		};
		9F69611F2C03B64A00605975 /* Release */ = {
			isa = XCBuildConfiguration;
			buildSettings = {
				ALWAYS_EMBED_SWIFT_STANDARD_LIBRARIES = YES;
				CODE_SIGN_STYLE = Automatic;
				CURRENT_PROJECT_VERSION = 1;
				DEVELOPMENT_TEAM = 3N2ZMMKPFS;
				GENERATE_INFOPLIST_FILE = YES;
				MARKETING_VERSION = 1.0;
				PRODUCT_BUNDLE_IDENTIFIER = com.belfortdev.homelyUITests;
				PRODUCT_NAME = "$(TARGET_NAME)";
				SWIFT_EMIT_LOC_STRINGS = NO;
				SWIFT_VERSION = 5.0;
				TARGETED_DEVICE_FAMILY = "1,2";
				TEST_TARGET_NAME = homely;
			};
			name = Release;
		};
/* End XCBuildConfiguration section */

/* Begin XCConfigurationList section */
		9F6960EE2C03B64900605975 /* Build configuration list for PBXProject "homely" */ = {
			isa = XCConfigurationList;
			buildConfigurations = (
				9F6961152C03B64A00605975 /* Debug */,
				9F6961162C03B64A00605975 /* Release */,
			);
			defaultConfigurationIsVisible = 0;
			defaultConfigurationName = Release;
		};
		9F6961172C03B64A00605975 /* Build configuration list for PBXNativeTarget "homely" */ = {
			isa = XCConfigurationList;
			buildConfigurations = (
				9F6961182C03B64A00605975 /* Debug */,
				9F6961192C03B64A00605975 /* Release */,
			);
			defaultConfigurationIsVisible = 0;
			defaultConfigurationName = Release;
		};
		9F69611A2C03B64A00605975 /* Build configuration list for PBXNativeTarget "homelyTests" */ = {
			isa = XCConfigurationList;
			buildConfigurations = (
				9F69611B2C03B64A00605975 /* Debug */,
				9F69611C2C03B64A00605975 /* Release */,
			);
			defaultConfigurationIsVisible = 0;
			defaultConfigurationName = Release;
		};
		9F69611D2C03B64A00605975 /* Build configuration list for PBXNativeTarget "homelyUITests" */ = {
			isa = XCConfigurationList;
			buildConfigurations = (
				9F69611E2C03B64A00605975 /* Debug */,
				9F69611F2C03B64A00605975 /* Release */,
			);
			defaultConfigurationIsVisible = 0;
			defaultConfigurationName = Release;
		};
/* End XCConfigurationList section */
	};
	rootObject = 9F6960EB2C03B64900605975 /* Project object */;
}
